
Microsoft Visual Studio Solution File, Format Version 12.00
# Visual Studio Version 17
VisualStudioVersion = 17.0.31903.59
MinimumVisualStudioVersion = 10.0.40219.1
Project("{2150E333-8FDC-42A3-9474-1A3956D46DE8}") = "src", "src", "{C4079159-F94B-49BD-801F-83D1CE8C29FB}"
EndProject
Project("{FAE04EC0-301F-11D3-BF4B-00C04F79EFBC}") = "VirtualCompany.Api", "src\VirtualCompany.Api\VirtualCompany.Api.csproj", "{FB307A83-C969-48CF-B86B-618F48CE6A97}"
EndProject
Project("{FAE04EC0-301F-11D3-BF4B-00C04F79EFBC}") = "VirtualCompany.Web", "src\VirtualCompany.Web\VirtualCompany.Web.csproj", "{98802030-22F2-4D00-AC97-30917D5CA8B4}"
EndProject
Project("{FAE04EC0-301F-11D3-BF4B-00C04F79EFBC}") = "VirtualCompany.Mobile", "src\VirtualCompany.Mobile\VirtualCompany.Mobile.csproj", "{ADE240E5-6F36-4D08-A5F1-6DAC10A5AEC9}"
EndProject
Project("{FAE04EC0-301F-11D3-BF4B-00C04F79EFBC}") = "VirtualCompany.Shared", "src\VirtualCompany.Shared\VirtualCompany.Shared.csproj", "{5F068DE8-FFE7-461A-9A59-8A30876EBE80}"
EndProject
Project("{FAE04EC0-301F-11D3-BF4B-00C04F79EFBC}") = "VirtualCompany.Domain", "src\VirtualCompany.Domain\VirtualCompany.Domain.csproj", "{97C2B760-4A70-491A-B0E6-0BB99760E705}"
EndProject
Project("{FAE04EC0-301F-11D3-BF4B-00C04F79EFBC}") = "VirtualCompany.Application", "src\VirtualCompany.Application\VirtualCompany.Application.csproj", "{306C4F74-6C24-49D4-8786-071AD6C1078C}"
EndProject
Project("{FAE04EC0-301F-11D3-BF4B-00C04F79EFBC}") = "VirtualCompany.Infrastructure", "src\VirtualCompany.Infrastructure\VirtualCompany.Infrastructure.csproj", "{A7749349-A19E-48EB-B69E-3A0CF69179B6}"
EndProject
Project("{FAE04EC0-301F-11D3-BF4B-00C04F79EFBC}") = "VirtualCompany.Api.Tests", "tests\VirtualCompany.Api.Tests\VirtualCompany.Api.Tests.csproj", "{B88F77C8-1A71-4D9A-8A9E-2BDB60FC4321}"
EndProject
Project("{2150E333-8FDC-42A3-9474-1A3956D46DE8}") = "tests", "tests", "{0AB3BF05-4346-4AA6-1389-037BE0695223}"
EndProject
Project("{FAE04EC0-301F-11D3-BF4B-00C04F79EFBC}") = "VirtualCompany.Web.Tests", "tests\VirtualCompany.Web.Tests\VirtualCompany.Web.Tests.csproj", "{72D45D57-393A-4129-AF6D-B9C76496EB84}"
EndProject
Project("{FAE04EC0-301F-11D3-BF4B-00C04F79EFBC}") = "VirtualCompany.Finance.Tests", "tests\VirtualCompany.Finance.Tests\VirtualCompany.Finance.Tests.csproj", "{3AFC33D4-F7D6-49FD-9408-D6706393E35A}"
EndProject
Project("{FAE04EC0-301F-11D3-BF4B-00C04F79EFBC}") = "VirtualCompany.Web.Contract.Tests", "tests\VirtualCompany.Web.Contract.Tests\VirtualCompany.Web.Contract.Tests.csproj", "{77C2A996-0D0E-40E1-BFEC-26E75316CA25}"
EndProject
Global
	GlobalSection(SolutionConfigurationPlatforms) = preSolution
		Debug|Any CPU = Debug|Any CPU
		Debug|x64 = Debug|x64
		Debug|x86 = Debug|x86
		Release|Any CPU = Release|Any CPU
		Release|x64 = Release|x64
		Release|x86 = Release|x86
	EndGlobalSection
	GlobalSection(ProjectConfigurationPlatforms) = postSolution
		{FB307A83-C969-48CF-B86B-618F48CE6A97}.Debug|Any CPU.ActiveCfg = Debug|Any CPU
		{FB307A83-C969-48CF-B86B-618F48CE6A97}.Debug|Any CPU.Build.0 = Debug|Any CPU
		{FB307A83-C969-48CF-B86B-618F48CE6A97}.Debug|x64.ActiveCfg = Debug|Any CPU
		{FB307A83-C969-48CF-B86B-618F48CE6A97}.Debug|x64.Build.0 = Debug|Any CPU
		{FB307A83-C969-48CF-B86B-618F48CE6A97}.Debug|x86.ActiveCfg = Debug|Any CPU
		{FB307A83-C969-48CF-B86B-618F48CE6A97}.Debug|x86.Build.0 = Debug|Any CPU
		{FB307A83-C969-48CF-B86B-618F48CE6A97}.Release|Any CPU.ActiveCfg = Release|Any CPU
		{FB307A83-C969-48CF-B86B-618F48CE6A97}.Release|Any CPU.Build.0 = Release|Any CPU
		{FB307A83-C969-48CF-B86B-618F48CE6A97}.Release|x64.ActiveCfg = Release|Any CPU
		{FB307A83-C969-48CF-B86B-618F48CE6A97}.Release|x64.Build.0 = Release|Any CPU
		{FB307A83-C969-48CF-B86B-618F48CE6A97}.Release|x86.ActiveCfg = Release|Any CPU
		{FB307A83-C969-48CF-B86B-618F48CE6A97}.Release|x86.Build.0 = Release|Any CPU
		{98802030-22F2-4D00-AC97-30917D5CA8B4}.Debug|Any CPU.ActiveCfg = Debug|Any CPU
		{98802030-22F2-4D00-AC97-30917D5CA8B4}.Debug|Any CPU.Build.0 = Debug|Any CPU
		{98802030-22F2-4D00-AC97-30917D5CA8B4}.Debug|x64.ActiveCfg = Debug|Any CPU
		{98802030-22F2-4D00-AC97-30917D5CA8B4}.Debug|x64.Build.0 = Debug|Any CPU
		{98802030-22F2-4D00-AC97-30917D5CA8B4}.Debug|x86.ActiveCfg = Debug|Any CPU
		{98802030-22F2-4D00-AC97-30917D5CA8B4}.Debug|x86.Build.0 = Debug|Any CPU
		{98802030-22F2-4D00-AC97-30917D5CA8B4}.Release|Any CPU.ActiveCfg = Release|Any CPU
		{98802030-22F2-4D00-AC97-30917D5CA8B4}.Release|Any CPU.Build.0 = Release|Any CPU
		{98802030-22F2-4D00-AC97-30917D5CA8B4}.Release|x64.ActiveCfg = Release|Any CPU
		{98802030-22F2-4D00-AC97-30917D5CA8B4}.Release|x64.Build.0 = Release|Any CPU
		{98802030-22F2-4D00-AC97-30917D5CA8B4}.Release|x86.ActiveCfg = Release|Any CPU
		{98802030-22F2-4D00-AC97-30917D5CA8B4}.Release|x86.Build.0 = Release|Any CPU
		{ADE240E5-6F36-4D08-A5F1-6DAC10A5AEC9}.Debug|Any CPU.ActiveCfg = Debug|Any CPU
		{ADE240E5-6F36-4D08-A5F1-6DAC10A5AEC9}.Debug|Any CPU.Build.0 = Debug|Any CPU
		{ADE240E5-6F36-4D08-A5F1-6DAC10A5AEC9}.Debug|x64.ActiveCfg = Debug|Any CPU
		{ADE240E5-6F36-4D08-A5F1-6DAC10A5AEC9}.Debug|x64.Build.0 = Debug|Any CPU
		{ADE240E5-6F36-4D08-A5F1-6DAC10A5AEC9}.Debug|x86.ActiveCfg = Debug|Any CPU
		{ADE240E5-6F36-4D08-A5F1-6DAC10A5AEC9}.Debug|x86.Build.0 = Debug|Any CPU
		{ADE240E5-6F36-4D08-A5F1-6DAC10A5AEC9}.Release|Any CPU.ActiveCfg = Release|Any CPU
		{ADE240E5-6F36-4D08-A5F1-6DAC10A5AEC9}.Release|Any CPU.Build.0 = Release|Any CPU
		{ADE240E5-6F36-4D08-A5F1-6DAC10A5AEC9}.Release|x64.ActiveCfg = Release|Any CPU
		{ADE240E5-6F36-4D08-A5F1-6DAC10A5AEC9}.Release|x64.Build.0 = Release|Any CPU
		{ADE240E5-6F36-4D08-A5F1-6DAC10A5AEC9}.Release|x86.ActiveCfg = Release|Any CPU
		{ADE240E5-6F36-4D08-A5F1-6DAC10A5AEC9}.Release|x86.Build.0 = Release|Any CPU
		{5F068DE8-FFE7-461A-9A59-8A30876EBE80}.Debug|Any CPU.ActiveCfg = Debug|Any CPU
		{5F068DE8-FFE7-461A-9A59-8A30876EBE80}.Debug|Any CPU.Build.0 = Debug|Any CPU
		{5F068DE8-FFE7-461A-9A59-8A30876EBE80}.Debug|x64.ActiveCfg = Debug|Any CPU
		{5F068DE8-FFE7-461A-9A59-8A30876EBE80}.Debug|x64.Build.0 = Debug|Any CPU
		{5F068DE8-FFE7-461A-9A59-8A30876EBE80}.Debug|x86.ActiveCfg = Debug|Any CPU
		{5F068DE8-FFE7-461A-9A59-8A30876EBE80}.Debug|x86.Build.0 = Debug|Any CPU
		{5F068DE8-FFE7-461A-9A59-8A30876EBE80}.Release|Any CPU.ActiveCfg = Release|Any CPU
		{5F068DE8-FFE7-461A-9A59-8A30876EBE80}.Release|Any CPU.Build.0 = Release|Any CPU
		{5F068DE8-FFE7-461A-9A59-8A30876EBE80}.Release|x64.ActiveCfg = Release|Any CPU
		{5F068DE8-FFE7-461A-9A59-8A30876EBE80}.Release|x64.Build.0 = Release|Any CPU
		{5F068DE8-FFE7-461A-9A59-8A30876EBE80}.Release|x86.ActiveCfg = Release|Any CPU
		{5F068DE8-FFE7-461A-9A59-8A30876EBE80}.Release|x86.Build.0 = Release|Any CPU
		{97C2B760-4A70-491A-B0E6-0BB99760E705}.Debug|Any CPU.ActiveCfg = Debug|Any CPU
		{97C2B760-4A70-491A-B0E6-0BB99760E705}.Debug|Any CPU.Build.0 = Debug|Any CPU
		{97C2B760-4A70-491A-B0E6-0BB99760E705}.Debug|x64.ActiveCfg = Debug|Any CPU
		{97C2B760-4A70-491A-B0E6-0BB99760E705}.Debug|x64.Build.0 = Debug|Any CPU
		{97C2B760-4A70-491A-B0E6-0BB99760E705}.Debug|x86.ActiveCfg = Debug|Any CPU
		{97C2B760-4A70-491A-B0E6-0BB99760E705}.Debug|x86.Build.0 = Debug|Any CPU
		{97C2B760-4A70-491A-B0E6-0BB99760E705}.Release|Any CPU.ActiveCfg = Release|Any CPU
		{97C2B760-4A70-491A-B0E6-0BB99760E705}.Release|Any CPU.Build.0 = Release|Any CPU
		{97C2B760-4A70-491A-B0E6-0BB99760E705}.Release|x64.ActiveCfg = Release|Any CPU
		{97C2B760-4A70-491A-B0E6-0BB99760E705}.Release|x64.Build.0 = Release|Any CPU
		{97C2B760-4A70-491A-B0E6-0BB99760E705}.Release|x86.ActiveCfg = Release|Any CPU
		{97C2B760-4A70-491A-B0E6-0BB99760E705}.Release|x86.Build.0 = Release|Any CPU
		{306C4F74-6C24-49D4-8786-071AD6C1078C}.Debug|Any CPU.ActiveCfg = Debug|Any CPU
		{306C4F74-6C24-49D4-8786-071AD6C1078C}.Debug|Any CPU.Build.0 = Debug|Any CPU
		{306C4F74-6C24-49D4-8786-071AD6C1078C}.Debug|x64.ActiveCfg = Debug|Any CPU
		{306C4F74-6C24-49D4-8786-071AD6C1078C}.Debug|x64.Build.0 = Debug|Any CPU
		{306C4F74-6C24-49D4-8786-071AD6C1078C}.Debug|x86.ActiveCfg = Debug|Any CPU
		{306C4F74-6C24-49D4-8786-071AD6C1078C}.Debug|x86.Build.0 = Debug|Any CPU
		{306C4F74-6C24-49D4-8786-071AD6C1078C}.Release|Any CPU.ActiveCfg = Release|Any CPU
		{306C4F74-6C24-49D4-8786-071AD6C1078C}.Release|Any CPU.Build.0 = Release|Any CPU
		{306C4F74-6C24-49D4-8786-071AD6C1078C}.Release|x64.ActiveCfg = Release|Any CPU
		{306C4F74-6C24-49D4-8786-071AD6C1078C}.Release|x64.Build.0 = Release|Any CPU
		{306C4F74-6C24-49D4-8786-071AD6C1078C}.Release|x86.ActiveCfg = Release|Any CPU
		{306C4F74-6C24-49D4-8786-071AD6C1078C}.Release|x86.Build.0 = Release|Any CPU
		{A7749349-A19E-48EB-B69E-3A0CF69179B6}.Debug|Any CPU.ActiveCfg = Debug|Any CPU
		{A7749349-A19E-48EB-B69E-3A0CF69179B6}.Debug|Any CPU.Build.0 = Debug|Any CPU
		{A7749349-A19E-48EB-B69E-3A0CF69179B6}.Debug|x64.ActiveCfg = Debug|Any CPU
		{A7749349-A19E-48EB-B69E-3A0CF69179B6}.Debug|x64.Build.0 = Debug|Any CPU
		{A7749349-A19E-48EB-B69E-3A0CF69179B6}.Debug|x86.ActiveCfg = Debug|Any CPU
		{A7749349-A19E-48EB-B69E-3A0CF69179B6}.Debug|x86.Build.0 = Debug|Any CPU
		{A7749349-A19E-48EB-B69E-3A0CF69179B6}.Release|Any CPU.ActiveCfg = Release|Any CPU
		{A7749349-A19E-48EB-B69E-3A0CF69179B6}.Release|Any CPU.Build.0 = Release|Any CPU
		{A7749349-A19E-48EB-B69E-3A0CF69179B6}.Release|x64.ActiveCfg = Release|Any CPU
		{A7749349-A19E-48EB-B69E-3A0CF69179B6}.Release|x64.Build.0 = Release|Any CPU
		{A7749349-A19E-48EB-B69E-3A0CF69179B6}.Release|x86.ActiveCfg = Release|Any CPU
		{A7749349-A19E-48EB-B69E-3A0CF69179B6}.Release|x86.Build.0 = Release|Any CPU
		{B88F77C8-1A71-4D9A-8A9E-2BDB60FC4321}.Debug|Any CPU.ActiveCfg = Debug|Any CPU
		{B88F77C8-1A71-4D9A-8A9E-2BDB60FC4321}.Debug|Any CPU.Build.0 = Debug|Any CPU
		{B88F77C8-1A71-4D9A-8A9E-2BDB60FC4321}.Debug|x64.ActiveCfg = Debug|Any CPU
		{B88F77C8-1A71-4D9A-8A9E-2BDB60FC4321}.Debug|x64.Build.0 = Debug|Any CPU
		{B88F77C8-1A71-4D9A-8A9E-2BDB60FC4321}.Debug|x86.ActiveCfg = Debug|Any CPU
		{B88F77C8-1A71-4D9A-8A9E-2BDB60FC4321}.Debug|x86.Build.0 = Debug|Any CPU
		{B88F77C8-1A71-4D9A-8A9E-2BDB60FC4321}.Release|Any CPU.ActiveCfg = Release|Any CPU
		{B88F77C8-1A71-4D9A-8A9E-2BDB60FC4321}.Release|Any CPU.Build.0 = Release|Any CPU
		{B88F77C8-1A71-4D9A-8A9E-2BDB60FC4321}.Release|x64.ActiveCfg = Release|Any CPU
		{B88F77C8-1A71-4D9A-8A9E-2BDB60FC4321}.Release|x64.Build.0 = Release|Any CPU
		{B88F77C8-1A71-4D9A-8A9E-2BDB60FC4321}.Release|x86.ActiveCfg = Release|Any CPU
		{B88F77C8-1A71-4D9A-8A9E-2BDB60FC4321}.Release|x86.Build.0 = Release|Any CPU
		{72D45D57-393A-4129-AF6D-B9C76496EB84}.Debug|Any CPU.ActiveCfg = Debug|Any CPU
		{72D45D57-393A-4129-AF6D-B9C76496EB84}.Debug|Any CPU.Build.0 = Debug|Any CPU
		{72D45D57-393A-4129-AF6D-B9C76496EB84}.Debug|x64.ActiveCfg = Debug|Any CPU
		{72D45D57-393A-4129-AF6D-B9C76496EB84}.Debug|x64.Build.0 = Debug|Any CPU
		{72D45D57-393A-4129-AF6D-B9C76496EB84}.Debug|x86.ActiveCfg = Debug|Any CPU
		{72D45D57-393A-4129-AF6D-B9C76496EB84}.Debug|x86.Build.0 = Debug|Any CPU
		{72D45D57-393A-4129-AF6D-B9C76496EB84}.Release|Any CPU.ActiveCfg = Release|Any CPU
		{72D45D57-393A-4129-AF6D-B9C76496EB84}.Release|Any CPU.Build.0 = Release|Any CPU
		{72D45D57-393A-4129-AF6D-B9C76496EB84}.Release|x64.ActiveCfg = Release|Any CPU
		{72D45D57-393A-4129-AF6D-B9C76496EB84}.Release|x64.Build.0 = Release|Any CPU
		{72D45D57-393A-4129-AF6D-B9C76496EB84}.Release|x86.ActiveCfg = Release|Any CPU
		{72D45D57-393A-4129-AF6D-B9C76496EB84}.Release|x86.Build.0 = Release|Any CPU
		{3AFC33D4-F7D6-49FD-9408-D6706393E35A}.Debug|Any CPU.ActiveCfg = Debug|Any CPU
		{3AFC33D4-F7D6-49FD-9408-D6706393E35A}.Debug|Any CPU.Build.0 = Debug|Any CPU
		{3AFC33D4-F7D6-49FD-9408-D6706393E35A}.Debug|x64.ActiveCfg = Debug|Any CPU
		{3AFC33D4-F7D6-49FD-9408-D6706393E35A}.Debug|x64.Build.0 = Debug|Any CPU
		{3AFC33D4-F7D6-49FD-9408-D6706393E35A}.Debug|x86.ActiveCfg = Debug|Any CPU
		{3AFC33D4-F7D6-49FD-9408-D6706393E35A}.Debug|x86.Build.0 = Debug|Any CPU
		{3AFC33D4-F7D6-49FD-9408-D6706393E35A}.Release|Any CPU.ActiveCfg = Release|Any CPU
		{3AFC33D4-F7D6-49FD-9408-D6706393E35A}.Release|Any CPU.Build.0 = Release|Any CPU
		{3AFC33D4-F7D6-49FD-9408-D6706393E35A}.Release|x64.ActiveCfg = Release|Any CPU
		{3AFC33D4-F7D6-49FD-9408-D6706393E35A}.Release|x64.Build.0 = Release|Any CPU
		{3AFC33D4-F7D6-49FD-9408-D6706393E35A}.Release|x86.ActiveCfg = Release|Any CPU
		{3AFC33D4-F7D6-49FD-9408-D6706393E35A}.Release|x86.Build.0 = Release|Any CPU
		{77C2A996-0D0E-40E1-BFEC-26E75316CA25}.Debug|Any CPU.ActiveCfg = Debug|Any CPU
		{77C2A996-0D0E-40E1-BFEC-26E75316CA25}.Debug|Any CPU.Build.0 = Debug|Any CPU
		{77C2A996-0D0E-40E1-BFEC-26E75316CA25}.Debug|x64.ActiveCfg = Debug|Any CPU
		{77C2A996-0D0E-40E1-BFEC-26E75316CA25}.Debug|x64.Build.0 = Debug|Any CPU
		{77C2A996-0D0E-40E1-BFEC-26E75316CA25}.Debug|x86.ActiveCfg = Debug|Any CPU
		{77C2A996-0D0E-40E1-BFEC-26E75316CA25}.Debug|x86.Build.0 = Debug|Any CPU
		{77C2A996-0D0E-40E1-BFEC-26E75316CA25}.Release|Any CPU.ActiveCfg = Release|Any CPU
		{77C2A996-0D0E-40E1-BFEC-26E75316CA25}.Release|Any CPU.Build.0 = Release|Any CPU
		{77C2A996-0D0E-40E1-BFEC-26E75316CA25}.Release|x64.ActiveCfg = Release|Any CPU
		{77C2A996-0D0E-40E1-BFEC-26E75316CA25}.Release|x64.Build.0 = Release|Any CPU
		{77C2A996-0D0E-40E1-BFEC-26E75316CA25}.Release|x86.ActiveCfg = Release|Any CPU
		{77C2A996-0D0E-40E1-BFEC-26E75316CA25}.Release|x86.Build.0 = Release|Any CPU
	EndGlobalSection
	GlobalSection(SolutionProperties) = preSolution
		HideSolutionNode = FALSE
	EndGlobalSection
	GlobalSection(NestedProjects) = preSolution
		{FB307A83-C969-48CF-B86B-618F48CE6A97} = {C4079159-F94B-49BD-801F-83D1CE8C29FB}
		{98802030-22F2-4D00-AC97-30917D5CA8B4} = {C4079159-F94B-49BD-801F-83D1CE8C29FB}
		{ADE240E5-6F36-4D08-A5F1-6DAC10A5AEC9} = {C4079159-F94B-49BD-801F-83D1CE8C29FB}
		{5F068DE8-FFE7-461A-9A59-8A30876EBE80} = {C4079159-F94B-49BD-801F-83D1CE8C29FB}
		{97C2B760-4A70-491A-B0E6-0BB99760E705} = {C4079159-F94B-49BD-801F-83D1CE8C29FB}
		{306C4F74-6C24-49D4-8786-071AD6C1078C} = {C4079159-F94B-49BD-801F-83D1CE8C29FB}
		{A7749349-A19E-48EB-B69E-3A0CF69179B6} = {C4079159-F94B-49BD-801F-83D1CE8C29FB}
		{72D45D57-393A-4129-AF6D-B9C76496EB84} = {0AB3BF05-4346-4AA6-1389-037BE0695223}
		{3AFC33D4-F7D6-49FD-9408-D6706393E35A} = {0AB3BF05-4346-4AA6-1389-037BE0695223}
		{77C2A996-0D0E-40E1-BFEC-26E75316CA25} = {0AB3BF05-4346-4AA6-1389-037BE0695223}
	EndGlobalSection
EndGlobal
